
Microsoft Visual Studio Solution File, Format Version 12.00
# Visual Studio Express 2013 for Windows Desktop
VisualStudioVersion = 12.0.31101.0
MinimumVisualStudioVersion = 10.0.40219.1
Project("{8BC9CEB8-8B4A-11D0-8D11-00A0C91BC942}") = "MAGSHIMIM_OPENCV-CPP1", "MAGSHIMIM_OPENCV-CPP1\MAGSHIMIM_OPENCV-CPP1.vcxproj", "{CA75C3C6-5BE7-4924-AA65-8076FE9D92AB}"
EndProject
Global
	GlobalSection(SolutionConfigurationPlatforms) = preSolution
		Debug|Win32 = Debug|Win32
		Release|Win32 = Release|Win32
	EndGlobalSection
	GlobalSection(ProjectConfigurationPlatforms) = postSolution
		{CA75C3C6-5BE7-4924-AA65-8076FE9D92AB}.Debug|Win32.ActiveCfg = Debug|Win32
		{CA75C3C6-5BE7-4924-AA65-8076FE9D92AB}.Debug|Win32.Build.0 = Debug|Win32
		{CA75C3C6-5BE7-4924-AA65-8076FE9D92AB}.Release|Win32.ActiveCfg = Release|Win32
		{CA75C3C6-5BE7-4924-AA65-8076FE9D92AB}.Release|Win32.Build.0 = Release|Win32
	EndGlobalSection
	GlobalSection(SolutionProperties) = preSolution
		HideSolutionNode = FALSE
	EndGlobalSection
EndGlobal
